
Microsoft Visual Studio Solution File, Format Version 12.00
# Visual Studio 15
VisualStudioVersion = 15.0.28307.168
MinimumVisualStudioVersion = 10.0.40219.1
Project("{FAE04EC0-301F-11D3-BF4B-00C04F79EFBC}") = "oop11", "oop11\oop11.csproj", "{5A9E5D44-F4CE-4E2A-BA8A-6DDF47449749}"
EndProject
Global
	GlobalSection(SolutionConfigurationPlatforms) = preSolution
		Debug|Any CPU = Debug|Any CPU
		Release|Any CPU = Release|Any CPU
	EndGlobalSection
	GlobalSection(ProjectConfigurationPlatforms) = postSolution
		{5A9E5D44-F4CE-4E2A-BA8A-6DDF47449749}.Debug|Any CPU.ActiveCfg = Debug|Any CPU
		{5A9E5D44-F4CE-4E2A-BA8A-6DDF47449749}.Debug|Any CPU.Build.0 = Debug|Any CPU
		{5A9E5D44-F4CE-4E2A-BA8A-6DDF47449749}.Release|Any CPU.ActiveCfg = Release|Any CPU
		{5A9E5D44-F4CE-4E2A-BA8A-6DDF47449749}.Release|Any CPU.Build.0 = Release|Any CPU
	EndGlobalSection
	GlobalSection(SolutionProperties) = preSolution
		HideSolutionNode = FALSE
	EndGlobalSection
	GlobalSection(ExtensibilityGlobals) = postSolution
		SolutionGuid = {A4492EA8-8D84-414A-AA59-B21E2495B564}
	EndGlobalSection
EndGlobal
